
Microsoft Visual Studio Solution File, Format Version 12.00
# Visual Studio Version 17
VisualStudioVersion = 17.6.33829.357
MinimumVisualStudioVersion = 10.0.40219.1
Project("{FAE04EC0-301F-11D3-BF4B-00C04F79EFBC}") = "Dealing_With_DataGridView", "Dealing_With_DataGridView\Dealing_With_DataGridView.csproj", "{AAFDF4F7-6876-48F3-94E2-ED06176931CC}"
EndProject
Global
	GlobalSection(SolutionConfigurationPlatforms) = preSolution
		Debug|Any CPU = Debug|Any CPU
		Release|Any CPU = Release|Any CPU
	EndGlobalSection
	GlobalSection(ProjectConfigurationPlatforms) = postSolution
		{AAFDF4F7-6876-48F3-94E2-ED06176931CC}.Debug|Any CPU.ActiveCfg = Debug|Any CPU
		{AAFDF4F7-6876-48F3-94E2-ED06176931CC}.Debug|Any CPU.Build.0 = Debug|Any CPU
		{AAFDF4F7-6876-48F3-94E2-ED06176931CC}.Release|Any CPU.ActiveCfg = Release|Any CPU
		{AAFDF4F7-6876-48F3-94E2-ED06176931CC}.Release|Any CPU.Build.0 = Release|Any CPU
	EndGlobalSection
	GlobalSection(SolutionProperties) = preSolution
		HideSolutionNode = FALSE
	EndGlobalSection
	GlobalSection(ExtensibilityGlobals) = postSolution
		SolutionGuid = {B78CBEB0-6393-4B99-8FA5-7BFC801D7C7A}
	EndGlobalSection
EndGlobal
